
Microsoft Visual Studio Solution File, Format Version 12.00
# Visual Studio Version 17
VisualStudioVersion = 17.9.34622.214
MinimumVisualStudioVersion = 10.0.40219.1
Project("{FAE04EC0-301F-11D3-BF4B-00C04F79EFBC}") = "Project1_ AdonetCustomerProject", "Project1_ AdonetCustomerProject\Project1_ AdonetCustomerProject.csproj", "{E620614C-CB61-41CC-8C3E-0E16EB104FA0}"
EndProject
Project("{FAE04EC0-301F-11D3-BF4B-00C04F79EFBC}") = "Project2_EntityFrameworkDbFirstProductProject", "Project2_EntityFrameworkDbFirstProductProject\Project2_EntityFrameworkDbFirstProductProject.csproj", "{19AEF560-232A-4AAB-8253-1340373422D4}"
EndProject
Project("{FAE04EC0-301F-11D3-BF4B-00C04F79EFBC}") = "Project3_EntityFrameworkStatisticsProject", "Project3_EntityFrameworkStatisticsProject\Project3_EntityFrameworkStatisticsProject.csproj", "{1258C825-C8DC-45B1-A5CE-9CACA02FEA6E}"
EndProject
Project("{FAE04EC0-301F-11D3-BF4B-00C04F79EFBC}") = "Project4_EntityFrameworkCodeFirstMovieProject", "Project4_EntityFrameworkCodeFirstMovieProject\Project4_EntityFrameworkCodeFirstMovieProject.csproj", "{871D07AF-7EC8-41BE-84A5-A88A66212642}"
EndProject
Project("{FAE04EC0-301F-11D3-BF4B-00C04F79EFBC}") = "Project5_DapperProductProject", "Project5_DapperProductProject\Project5_DapperProductProject.csproj", "{9426D829-FC69-4C61-9B0A-5067B0A3BFFC}"
EndProject
Project("{9A19103F-16F7-4668-BE54-9A1E7A4F7556}") = "Project6_ApiWeatherForecastProject", "Project6_ApiWeatherForecastProject\Project6_ApiWeatherForecastProject.csproj", "{5696370A-C0F5-440F-A67D-0E9F15875492}"
EndProject
Project("{9A19103F-16F7-4668-BE54-9A1E7A4F7556}") = "Project7_ApiWeatherConsume", "Project7_ApiWeatherConsume\Project7_ApiWeatherConsume.csproj", "{8AACE3DF-9AA8-4895-A2A8-1EA467B3EF4E}"
EndProject
Project("{FAE04EC0-301F-11D3-BF4B-00C04F79EFBC}") = "Project8_RapidApiCurrencyProject", "Project8_RapidApiCurrencyProject\Project8_RapidApiCurrencyProject.csproj", "{FB10F6F4-5C90-4FC4-A037-78CDB9810AE9}"
EndProject
Project("{FAE04EC0-301F-11D3-BF4B-00C04F79EFBC}") = "Project9-MongoDbOrderProject", "Project9-MongoDbOrderProject\Project9-MongoDbOrderProject.csproj", "{933821F8-7919-4E9F-AE71-4BC6B13CEC69}"
EndProject
Project("{FAE04EC0-301F-11D3-BF4B-00C04F79EFBC}") = "Project10_PostgreSQLToDoListProject", "Project10_PostgreSQLToDoListProject\Project10_PostgreSQLToDoListProject.csproj", "{D6D1B7BF-D8D1-4141-9AA2-73372F7ECA6B}"
EndProject
Project("{FAE04EC0-301F-11D3-BF4B-00C04F79EFBC}") = "Project11_TriggerOrderProject", "Project11_TriggerOrderProject\Project11_TriggerOrderProject.csproj", "{9D2CF638-C02F-4055-A4BD-D2E4DA4C04B4}"
EndProject
Project("{FAE04EC0-301F-11D3-BF4B-00C04F79EFBC}") = "Project12_JwtTokenProject", "Project12_JwtTokenProject\Project12_JwtTokenProject.csproj", "{C91B9F17-0C2A-4CD0-B2AD-ACF37D3262FA}"
EndProject
Project("{FAE04EC0-301F-11D3-BF4B-00C04F79EFBC}") = "Project13_WeatherAppProject", "Project13_WeatherAppProject\Project13_WeatherAppProject.csproj", "{48D5537A-3F1A-436C-BFB7-D098DFBC95A4}"
EndProject
Project("{FAE04EC0-301F-11D3-BF4B-00C04F79EFBC}") = "Project14_SQLAllRelationsProject", "Project14_SQLAllRelationsProject\Project14_SQLAllRelationsProject.csproj", "{82839792-2716-424B-9B4C-C63B2D22602F}"
EndProject
Project("{FAE04EC0-301F-11D3-BF4B-00C04F79EFBC}") = "Project15_GasPriceSimulationProject", "Project15_GasPriceSimulationProject\Project15_GasPriceSimulationProject.csproj", "{02147910-4DB2-4EF1-8684-26058BCD74C0}"
EndProject
Project("{FAE04EC0-301F-11D3-BF4B-00C04F79EFBC}") = "Project16_MailActivationProject", "Project16_MailActivationProject\Project16_MailActivationProject.csproj", "{62A5EB92-82B3-4144-ADA7-F662C7609AC8}"
EndProject
Project("{FAE04EC0-301F-11D3-BF4B-00C04F79EFBC}") = "Project17_KaggleDatasetsProject", "Project17_KaggleDatasetsProject\Project17_KaggleDatasetsProject.csproj", "{234B869E-FDD4-4188-987C-AFA774BF75A7}"
EndProject
Global
	GlobalSection(SolutionConfigurationPlatforms) = preSolution
		Debug|Any CPU = Debug|Any CPU
		Release|Any CPU = Release|Any CPU
	EndGlobalSection
	GlobalSection(ProjectConfigurationPlatforms) = postSolution
		{E620614C-CB61-41CC-8C3E-0E16EB104FA0}.Debug|Any CPU.ActiveCfg = Debug|Any CPU
		{E620614C-CB61-41CC-8C3E-0E16EB104FA0}.Debug|Any CPU.Build.0 = Debug|Any CPU
		{E620614C-CB61-41CC-8C3E-0E16EB104FA0}.Release|Any CPU.ActiveCfg = Release|Any CPU
		{E620614C-CB61-41CC-8C3E-0E16EB104FA0}.Release|Any CPU.Build.0 = Release|Any CPU
		{19AEF560-232A-4AAB-8253-1340373422D4}.Debug|Any CPU.ActiveCfg = Debug|Any CPU
		{19AEF560-232A-4AAB-8253-1340373422D4}.Debug|Any CPU.Build.0 = Debug|Any CPU
		{19AEF560-232A-4AAB-8253-1340373422D4}.Release|Any CPU.ActiveCfg = Release|Any CPU
		{19AEF560-232A-4AAB-8253-1340373422D4}.Release|Any CPU.Build.0 = Release|Any CPU
		{1258C825-C8DC-45B1-A5CE-9CACA02FEA6E}.Debug|Any CPU.ActiveCfg = Debug|Any CPU
		{1258C825-C8DC-45B1-A5CE-9CACA02FEA6E}.Debug|Any CPU.Build.0 = Debug|Any CPU
		{1258C825-C8DC-45B1-A5CE-9CACA02FEA6E}.Release|Any CPU.ActiveCfg = Release|Any CPU
		{1258C825-C8DC-45B1-A5CE-9CACA02FEA6E}.Release|Any CPU.Build.0 = Release|Any CPU
		{871D07AF-7EC8-41BE-84A5-A88A66212642}.Debug|Any CPU.ActiveCfg = Debug|Any CPU
		{871D07AF-7EC8-41BE-84A5-A88A66212642}.Debug|Any CPU.Build.0 = Debug|Any CPU
		{871D07AF-7EC8-41BE-84A5-A88A66212642}.Release|Any CPU.ActiveCfg = Release|Any CPU
		{871D07AF-7EC8-41BE-84A5-A88A66212642}.Release|Any CPU.Build.0 = Release|Any CPU
		{9426D829-FC69-4C61-9B0A-5067B0A3BFFC}.Debug|Any CPU.ActiveCfg = Debug|Any CPU
		{9426D829-FC69-4C61-9B0A-5067B0A3BFFC}.Debug|Any CPU.Build.0 = Debug|Any CPU
		{9426D829-FC69-4C61-9B0A-5067B0A3BFFC}.Release|Any CPU.ActiveCfg = Release|Any CPU
		{9426D829-FC69-4C61-9B0A-5067B0A3BFFC}.Release|Any CPU.Build.0 = Release|Any CPU
		{5696370A-C0F5-440F-A67D-0E9F15875492}.Debug|Any CPU.ActiveCfg = Debug|Any CPU
		{5696370A-C0F5-440F-A67D-0E9F15875492}.Debug|Any CPU.Build.0 = Debug|Any CPU
		{5696370A-C0F5-440F-A67D-0E9F15875492}.Release|Any CPU.ActiveCfg = Release|Any CPU
		{5696370A-C0F5-440F-A67D-0E9F15875492}.Release|Any CPU.Build.0 = Release|Any CPU
		{8AACE3DF-9AA8-4895-A2A8-1EA467B3EF4E}.Debug|Any CPU.ActiveCfg = Debug|Any CPU
		{8AACE3DF-9AA8-4895-A2A8-1EA467B3EF4E}.Debug|Any CPU.Build.0 = Debug|Any CPU
		{8AACE3DF-9AA8-4895-A2A8-1EA467B3EF4E}.Release|Any CPU.ActiveCfg = Release|Any CPU
		{8AACE3DF-9AA8-4895-A2A8-1EA467B3EF4E}.Release|Any CPU.Build.0 = Release|Any CPU
		{FB10F6F4-5C90-4FC4-A037-78CDB9810AE9}.Debug|Any CPU.ActiveCfg = Debug|Any CPU
		{FB10F6F4-5C90-4FC4-A037-78CDB9810AE9}.Debug|Any CPU.Build.0 = Debug|Any CPU
		{FB10F6F4-5C90-4FC4-A037-78CDB9810AE9}.Release|Any CPU.ActiveCfg = Release|Any CPU
		{FB10F6F4-5C90-4FC4-A037-78CDB9810AE9}.Release|Any CPU.Build.0 = Release|Any CPU
		{933821F8-7919-4E9F-AE71-4BC6B13CEC69}.Debug|Any CPU.ActiveCfg = Debug|Any CPU
		{933821F8-7919-4E9F-AE71-4BC6B13CEC69}.Debug|Any CPU.Build.0 = Debug|Any CPU
		{933821F8-7919-4E9F-AE71-4BC6B13CEC69}.Release|Any CPU.ActiveCfg = Release|Any CPU
		{933821F8-7919-4E9F-AE71-4BC6B13CEC69}.Release|Any CPU.Build.0 = Release|Any CPU
		{D6D1B7BF-D8D1-4141-9AA2-73372F7ECA6B}.Debug|Any CPU.ActiveCfg = Debug|Any CPU
		{D6D1B7BF-D8D1-4141-9AA2-73372F7ECA6B}.Debug|Any CPU.Build.0 = Debug|Any CPU
		{D6D1B7BF-D8D1-4141-9AA2-73372F7ECA6B}.Release|Any CPU.ActiveCfg = Release|Any CPU
		{D6D1B7BF-D8D1-4141-9AA2-73372F7ECA6B}.Release|Any CPU.Build.0 = Release|Any CPU
		{9D2CF638-C02F-4055-A4BD-D2E4DA4C04B4}.Debug|Any CPU.ActiveCfg = Debug|Any CPU
		{9D2CF638-C02F-4055-A4BD-D2E4DA4C04B4}.Debug|Any CPU.Build.0 = Debug|Any CPU
		{9D2CF638-C02F-4055-A4BD-D2E4DA4C04B4}.Release|Any CPU.ActiveCfg = Release|Any CPU
		{9D2CF638-C02F-4055-A4BD-D2E4DA4C04B4}.Release|Any CPU.Build.0 = Release|Any CPU
		{C91B9F17-0C2A-4CD0-B2AD-ACF37D3262FA}.Debug|Any CPU.ActiveCfg = Debug|Any CPU
		{C91B9F17-0C2A-4CD0-B2AD-ACF37D3262FA}.Debug|Any CPU.Build.0 = Debug|Any CPU
		{C91B9F17-0C2A-4CD0-B2AD-ACF37D3262FA}.Release|Any CPU.ActiveCfg = Release|Any CPU
		{C91B9F17-0C2A-4CD0-B2AD-ACF37D3262FA}.Release|Any CPU.Build.0 = Release|Any CPU
		{48D5537A-3F1A-436C-BFB7-D098DFBC95A4}.Debug|Any CPU.ActiveCfg = Debug|Any CPU
		{48D5537A-3F1A-436C-BFB7-D098DFBC95A4}.Debug|Any CPU.Build.0 = Debug|Any CPU
		{48D5537A-3F1A-436C-BFB7-D098DFBC95A4}.Release|Any CPU.ActiveCfg = Release|Any CPU
		{48D5537A-3F1A-436C-BFB7-D098DFBC95A4}.Release|Any CPU.Build.0 = Release|Any CPU
		{82839792-2716-424B-9B4C-C63B2D22602F}.Debug|Any CPU.ActiveCfg = Debug|Any CPU
		{82839792-2716-424B-9B4C-C63B2D22602F}.Debug|Any CPU.Build.0 = Debug|Any CPU
		{82839792-2716-424B-9B4C-C63B2D22602F}.Release|Any CPU.ActiveCfg = Release|Any CPU
		{82839792-2716-424B-9B4C-C63B2D22602F}.Release|Any CPU.Build.0 = Release|Any CPU
		{02147910-4DB2-4EF1-8684-26058BCD74C0}.Debug|Any CPU.ActiveCfg = Debug|Any CPU
		{02147910-4DB2-4EF1-8684-26058BCD74C0}.Debug|Any CPU.Build.0 = Debug|Any CPU
		{02147910-4DB2-4EF1-8684-26058BCD74C0}.Release|Any CPU.ActiveCfg = Release|Any CPU
		{02147910-4DB2-4EF1-8684-26058BCD74C0}.Release|Any CPU.Build.0 = Release|Any CPU
		{62A5EB92-82B3-4144-ADA7-F662C7609AC8}.Debug|Any CPU.ActiveCfg = Debug|Any CPU
		{62A5EB92-82B3-4144-ADA7-F662C7609AC8}.Debug|Any CPU.Build.0 = Debug|Any CPU
		{62A5EB92-82B3-4144-ADA7-F662C7609AC8}.Release|Any CPU.ActiveCfg = Release|Any CPU
		{62A5EB92-82B3-4144-ADA7-F662C7609AC8}.Release|Any CPU.Build.0 = Release|Any CPU
		{234B869E-FDD4-4188-987C-AFA774BF75A7}.Debug|Any CPU.ActiveCfg = Debug|Any CPU
		{234B869E-FDD4-4188-987C-AFA774BF75A7}.Debug|Any CPU.Build.0 = Debug|Any CPU
		{234B869E-FDD4-4188-987C-AFA774BF75A7}.Release|Any CPU.ActiveCfg = Release|Any CPU
		{234B869E-FDD4-4188-987C-AFA774BF75A7}.Release|Any CPU.Build.0 = Release|Any CPU
	EndGlobalSection
	GlobalSection(SolutionProperties) = preSolution
		HideSolutionNode = FALSE
	EndGlobalSection
	GlobalSection(ExtensibilityGlobals) = postSolution
		SolutionGuid = {1627557A-F6DF-4D8A-84F4-F16E75D72D91}
	EndGlobalSection
EndGlobal
