
Microsoft Visual Studio Solution File, Format Version 12.00
# Visual Studio Version 17
VisualStudioVersion = 17.9.34622.214
MinimumVisualStudioVersion = 10.0.40219.1
Project("{FAE04EC0-301F-11D3-BF4B-00C04F79EFBC}") = "Project1_ AdonetCustomerProject", "Project1_ AdonetCustomerProject\Project1_ AdonetCustomerProject.csproj", "{E620614C-CB61-41CC-8C3E-0E16EB104FA0}"
EndProject
Project("{FAE04EC0-301F-11D3-BF4B-00C04F79EFBC}") = "Project2_EntityFrameworkDbFirstProductProject", "Project2_EntityFrameworkDbFirstProductProject\Project2_EntityFrameworkDbFirstProductProject.csproj", "{19AEF560-232A-4AAB-8253-1340373422D4}"
EndProject
Project("{FAE04EC0-301F-11D3-BF4B-00C04F79EFBC}") = "Project3_EntityFrameworkStatisticsProject", "Project3_EntityFrameworkStatisticsProject\Project3_EntityFrameworkStatisticsProject.csproj", "{1258C825-C8DC-45B1-A5CE-9CACA02FEA6E}"
EndProject
Project("{FAE04EC0-301F-11D3-BF4B-00C04F79EFBC}") = "Project4_EntityFrameworkCodeFirstMovieProject", "Project4_EntityFrameworkCodeFirstMovieProject\Project4_EntityFrameworkCodeFirstMovieProject.csproj", "{871D07AF-7EC8-41BE-84A5-A88A66212642}"
EndProject
Project("{FAE04EC0-301F-11D3-BF4B-00C04F79EFBC}") = "Project5_DapperProductProject", "Project5_DapperProductProject\Project5_DapperProductProject.csproj", "{9426D829-FC69-4C61-9B0A-5067B0A3BFFC}"
EndProject
Global
	GlobalSection(SolutionConfigurationPlatforms) = preSolution
		Debug|Any CPU = Debug|Any CPU
		Release|Any CPU = Release|Any CPU
	EndGlobalSection
	GlobalSection(ProjectConfigurationPlatforms) = postSolution
		{E620614C-CB61-41CC-8C3E-0E16EB104FA0}.Debug|Any CPU.ActiveCfg = Debug|Any CPU
		{E620614C-CB61-41CC-8C3E-0E16EB104FA0}.Debug|Any CPU.Build.0 = Debug|Any CPU
		{E620614C-CB61-41CC-8C3E-0E16EB104FA0}.Release|Any CPU.ActiveCfg = Release|Any CPU
		{E620614C-CB61-41CC-8C3E-0E16EB104FA0}.Release|Any CPU.Build.0 = Release|Any CPU
		{19AEF560-232A-4AAB-8253-1340373422D4}.Debug|Any CPU.ActiveCfg = Debug|Any CPU
		{19AEF560-232A-4AAB-8253-1340373422D4}.Debug|Any CPU.Build.0 = Debug|Any CPU
		{19AEF560-232A-4AAB-8253-1340373422D4}.Release|Any CPU.ActiveCfg = Release|Any CPU
		{19AEF560-232A-4AAB-8253-1340373422D4}.Release|Any CPU.Build.0 = Release|Any CPU
		{1258C825-C8DC-45B1-A5CE-9CACA02FEA6E}.Debug|Any CPU.ActiveCfg = Debug|Any CPU
		{1258C825-C8DC-45B1-A5CE-9CACA02FEA6E}.Debug|Any CPU.Build.0 = Debug|Any CPU
		{1258C825-C8DC-45B1-A5CE-9CACA02FEA6E}.Release|Any CPU.ActiveCfg = Release|Any CPU
		{1258C825-C8DC-45B1-A5CE-9CACA02FEA6E}.Release|Any CPU.Build.0 = Release|Any CPU
		{871D07AF-7EC8-41BE-84A5-A88A66212642}.Debug|Any CPU.ActiveCfg = Debug|Any CPU
		{871D07AF-7EC8-41BE-84A5-A88A66212642}.Debug|Any CPU.Build.0 = Debug|Any CPU
		{871D07AF-7EC8-41BE-84A5-A88A66212642}.Release|Any CPU.ActiveCfg = Release|Any CPU
		{871D07AF-7EC8-41BE-84A5-A88A66212642}.Release|Any CPU.Build.0 = Release|Any CPU
		{9426D829-FC69-4C61-9B0A-5067B0A3BFFC}.Debug|Any CPU.ActiveCfg = Debug|Any CPU
		{9426D829-FC69-4C61-9B0A-5067B0A3BFFC}.Debug|Any CPU.Build.0 = Debug|Any CPU
		{9426D829-FC69-4C61-9B0A-5067B0A3BFFC}.Release|Any CPU.ActiveCfg = Release|Any CPU
		{9426D829-FC69-4C61-9B0A-5067B0A3BFFC}.Release|Any CPU.Build.0 = Release|Any CPU
	EndGlobalSection
	GlobalSection(SolutionProperties) = preSolution
		HideSolutionNode = FALSE
	EndGlobalSection
	GlobalSection(ExtensibilityGlobals) = postSolution
		SolutionGuid = {1627557A-F6DF-4D8A-84F4-F16E75D72D91}
	EndGlobalSection
EndGlobal
